
Microsoft Visual Studio Solution File, Format Version 12.00
# Visual Studio 15
Project("{FAE04EC0-301F-11D3-BF4B-00C04F79EFBC}") = "Assembly-CSharp", "Assembly-CSharp.csproj", "{D15BAE67-1D57-155B-40A2-ADAB7299E378}"
EndProject
Global
	GlobalSection(SolutionConfigurationPlatforms) = preSolution
		Debug|Any CPU = Debug|Any CPU
		Release|Any CPU = Release|Any CPU
	EndGlobalSection
	GlobalSection(ProjectConfigurationPlatforms) = postSolution
		{D15BAE67-1D57-155B-40A2-ADAB7299E378}.Debug|Any CPU.ActiveCfg = Debug|Any CPU
		{D15BAE67-1D57-155B-40A2-ADAB7299E378}.Debug|Any CPU.Build.0 = Debug|Any CPU
		{D15BAE67-1D57-155B-40A2-ADAB7299E378}.Release|Any CPU.ActiveCfg = Release|Any CPU
		{D15BAE67-1D57-155B-40A2-ADAB7299E378}.Release|Any CPU.Build.0 = Release|Any CPU
	EndGlobalSection
	GlobalSection(SolutionProperties) = preSolution
		HideSolutionNode = FALSE
	EndGlobalSection
EndGlobal
